
Microsoft Visual Studio Solution File, Format Version 12.00
# Visual Studio Version 17
VisualStudioVersion = 17.4.33205.214
MinimumVisualStudioVersion = 10.0.40219.1
Project("{9A19103F-16F7-4668-BE54-9A1E7A4F7556}") = "Genshin.Planner.Demo", "Genshin.Planner.Demo.csproj", "{205BB80E-8045-46BE-9FA0-8AFF369B0088}"
EndProject
Project("{9A19103F-16F7-4668-BE54-9A1E7A4F7556}") = "LpSolverTest", "LpSolverTest\LpSolverTest.csproj", "{EEB58C77-60A6-475E-A6F6-EC7E0AA104C8}"
EndProject
Global
	GlobalSection(SolutionConfigurationPlatforms) = preSolution
		Debug|Any CPU = Debug|Any CPU
		Release|Any CPU = Release|Any CPU
	EndGlobalSection
	GlobalSection(ProjectConfigurationPlatforms) = postSolution
		{205BB80E-8045-46BE-9FA0-8AFF369B0088}.Debug|Any CPU.ActiveCfg = Debug|Any CPU
		{205BB80E-8045-46BE-9FA0-8AFF369B0088}.Debug|Any CPU.Build.0 = Debug|Any CPU
		{205BB80E-8045-46BE-9FA0-8AFF369B0088}.Release|Any CPU.ActiveCfg = Release|Any CPU
		{205BB80E-8045-46BE-9FA0-8AFF369B0088}.Release|Any CPU.Build.0 = Release|Any CPU
		{EEB58C77-60A6-475E-A6F6-EC7E0AA104C8}.Debug|Any CPU.ActiveCfg = Debug|Any CPU
		{EEB58C77-60A6-475E-A6F6-EC7E0AA104C8}.Debug|Any CPU.Build.0 = Debug|Any CPU
		{EEB58C77-60A6-475E-A6F6-EC7E0AA104C8}.Release|Any CPU.ActiveCfg = Release|Any CPU
		{EEB58C77-60A6-475E-A6F6-EC7E0AA104C8}.Release|Any CPU.Build.0 = Release|Any CPU
	EndGlobalSection
	GlobalSection(SolutionProperties) = preSolution
		HideSolutionNode = FALSE
	EndGlobalSection
	GlobalSection(ExtensibilityGlobals) = postSolution
		SolutionGuid = {8277FB0B-0622-427F-B38D-0F5127F3BE6D}
	EndGlobalSection
EndGlobal
